Microsoft Visual Studio Solution File, Format Version 7.00
Project("{FAE04EC0-301F-11D3-BF4B-00C04F79EFBC}") = "C_Sharp_Sample1", "C_Sharp_Sample1.csproj", "{E2DA8417-02F8-44B4-ADDB-04AA6C3C884E}"
EndProject
Global
	GlobalSection(SolutionConfiguration) = preSolution
		ConfigName.0 = Debug
		ConfigName.1 = Release
	EndGlobalSection
	GlobalSection(ProjectDependencies) = postSolution
	EndGlobalSection
	GlobalSection(ProjectConfiguration) = postSolution
		{E2DA8417-02F8-44B4-ADDB-04AA6C3C884E}.Debug.ActiveCfg = Debug|.NET
		{E2DA8417-02F8-44B4-ADDB-04AA6C3C884E}.Debug.Build.0 = Debug|.NET
		{E2DA8417-02F8-44B4-ADDB-04AA6C3C884E}.Release.ActiveCfg = Release|.NET
		{E2DA8417-02F8-44B4-ADDB-04AA6C3C884E}.Release.Build.0 = Release|.NET
	EndGlobalSection
	GlobalSection(ExtensibilityGlobals) = postSolution
	EndGlobalSection
	GlobalSection(ExtensibilityAddIns) = postSolution
	EndGlobalSection
EndGlobal
